
Microsoft Visual Studio Solution File, Format Version 12.00
# Visual Studio Version 17
VisualStudioVersion = 17.5.33326.253
MinimumVisualStudioVersion = 10.0.40219.1
Project("{9A19103F-16F7-4668-BE54-9A1E7A4F7556}") = "876. Middle of the Linked List", "876. Middle of the Linked List\876. Middle of the Linked List.csproj", "{D723E7B3-BCF0-4C27-B698-025DFB2AF5A3}"
EndProject
Project("{9A19103F-16F7-4668-BE54-9A1E7A4F7556}") = "1342. Number of Steps to Reduce a Number to Zero", "1342. Number of Steps to Reduce a Number to Zero\1342. Number of Steps to Reduce a Number to Zero.csproj", "{214F0368-00FF-49D2-A35B-C60C2E3FF93D}"
EndProject
Project("{9A19103F-16F7-4668-BE54-9A1E7A4F7556}") = "383. Ransom Note", "383. Ransom Note\383. Ransom Note.csproj", "{AE8ACE01-6191-44BF-9BF2-5DE507A95CF8}"
EndProject
Project("{9A19103F-16F7-4668-BE54-9A1E7A4F7556}") = "1295. Find Numbers with Even Number of Digits", "1295. Find Numbers with Even Number of Digits\1295. Find Numbers with Even Number of Digits.csproj", "{F65C2748-311C-49D4-B79A-BD338034887D}"
EndProject
Project("{9A19103F-16F7-4668-BE54-9A1E7A4F7556}") = "1. TwoSum", "1. TwoSum\1. TwoSum.csproj", "{5F173D62-87F8-4ECA-8012-A5D81EBB5F95}"
EndProject
Project("{9A19103F-16F7-4668-BE54-9A1E7A4F7556}") = "412. FizzBuzz", "412. FizzBuzz\412. FizzBuzz.csproj", "{072F74B2-6163-49F3-9C19-F46E79099051}"
EndProject
Project("{9A19103F-16F7-4668-BE54-9A1E7A4F7556}") = "485. Max Consecutive Ones", "485. Max Consecutive Ones\485. Max Consecutive Ones.csproj", "{15E71304-DBB0-42FD-BDD5-01BB61A8C63A}"
EndProject
Project("{9A19103F-16F7-4668-BE54-9A1E7A4F7556}") = "1480. Running Sum of 1d Array", "1480. Running Sum of 1d Array\1480. Running Sum of 1d Array.csproj", "{3098E09D-97AD-4AE6-8E74-42DBF3E9C0A8}"
EndProject
Project("{FAE04EC0-301F-11D3-BF4B-00C04F79EFBC}") = "167. Two Sum II - Input Array Is Sorted", "167. Two Sum II - Input Array Is Sorted\167. Two Sum II - Input Array Is Sorted.csproj", "{051841BE-A011-4824-ACFF-FFB81DC8FC36}"
EndProject
Project("{FAE04EC0-301F-11D3-BF4B-00C04F79EFBC}") = "1672. Richest Customer Wealth", "1672. Richest Customer Wealth\1672. Richest Customer Wealth.csproj", "{D68735A2-5F92-4C80-ABDE-DF12EFBBCDCD}"
EndProject
Global
	GlobalSection(SolutionConfigurationPlatforms) = preSolution
		Debug|Any CPU = Debug|Any CPU
		Release|Any CPU = Release|Any CPU
	EndGlobalSection
	GlobalSection(ProjectConfigurationPlatforms) = postSolution
		{D723E7B3-BCF0-4C27-B698-025DFB2AF5A3}.Debug|Any CPU.ActiveCfg = Debug|Any CPU
		{D723E7B3-BCF0-4C27-B698-025DFB2AF5A3}.Debug|Any CPU.Build.0 = Debug|Any CPU
		{D723E7B3-BCF0-4C27-B698-025DFB2AF5A3}.Release|Any CPU.ActiveCfg = Release|Any CPU
		{D723E7B3-BCF0-4C27-B698-025DFB2AF5A3}.Release|Any CPU.Build.0 = Release|Any CPU
		{214F0368-00FF-49D2-A35B-C60C2E3FF93D}.Debug|Any CPU.ActiveCfg = Debug|Any CPU
		{214F0368-00FF-49D2-A35B-C60C2E3FF93D}.Debug|Any CPU.Build.0 = Debug|Any CPU
		{214F0368-00FF-49D2-A35B-C60C2E3FF93D}.Release|Any CPU.ActiveCfg = Release|Any CPU
		{214F0368-00FF-49D2-A35B-C60C2E3FF93D}.Release|Any CPU.Build.0 = Release|Any CPU
		{AE8ACE01-6191-44BF-9BF2-5DE507A95CF8}.Debug|Any CPU.ActiveCfg = Debug|Any CPU
		{AE8ACE01-6191-44BF-9BF2-5DE507A95CF8}.Debug|Any CPU.Build.0 = Debug|Any CPU
		{AE8ACE01-6191-44BF-9BF2-5DE507A95CF8}.Release|Any CPU.ActiveCfg = Release|Any CPU
		{AE8ACE01-6191-44BF-9BF2-5DE507A95CF8}.Release|Any CPU.Build.0 = Release|Any CPU
		{F65C2748-311C-49D4-B79A-BD338034887D}.Debug|Any CPU.ActiveCfg = Debug|Any CPU
		{F65C2748-311C-49D4-B79A-BD338034887D}.Debug|Any CPU.Build.0 = Debug|Any CPU
		{F65C2748-311C-49D4-B79A-BD338034887D}.Release|Any CPU.ActiveCfg = Release|Any CPU
		{F65C2748-311C-49D4-B79A-BD338034887D}.Release|Any CPU.Build.0 = Release|Any CPU
		{5F173D62-87F8-4ECA-8012-A5D81EBB5F95}.Debug|Any CPU.ActiveCfg = Debug|Any CPU
		{5F173D62-87F8-4ECA-8012-A5D81EBB5F95}.Debug|Any CPU.Build.0 = Debug|Any CPU
		{5F173D62-87F8-4ECA-8012-A5D81EBB5F95}.Release|Any CPU.ActiveCfg = Release|Any CPU
		{5F173D62-87F8-4ECA-8012-A5D81EBB5F95}.Release|Any CPU.Build.0 = Release|Any CPU
		{072F74B2-6163-49F3-9C19-F46E79099051}.Debug|Any CPU.ActiveCfg = Debug|Any CPU
		{072F74B2-6163-49F3-9C19-F46E79099051}.Debug|Any CPU.Build.0 = Debug|Any CPU
		{072F74B2-6163-49F3-9C19-F46E79099051}.Release|Any CPU.ActiveCfg = Release|Any CPU
		{072F74B2-6163-49F3-9C19-F46E79099051}.Release|Any CPU.Build.0 = Release|Any CPU
		{15E71304-DBB0-42FD-BDD5-01BB61A8C63A}.Debug|Any CPU.ActiveCfg = Debug|Any CPU
		{15E71304-DBB0-42FD-BDD5-01BB61A8C63A}.Debug|Any CPU.Build.0 = Debug|Any CPU
		{15E71304-DBB0-42FD-BDD5-01BB61A8C63A}.Release|Any CPU.ActiveCfg = Release|Any CPU
		{15E71304-DBB0-42FD-BDD5-01BB61A8C63A}.Release|Any CPU.Build.0 = Release|Any CPU
		{3098E09D-97AD-4AE6-8E74-42DBF3E9C0A8}.Debug|Any CPU.ActiveCfg = Debug|Any CPU
		{3098E09D-97AD-4AE6-8E74-42DBF3E9C0A8}.Debug|Any CPU.Build.0 = Debug|Any CPU
		{3098E09D-97AD-4AE6-8E74-42DBF3E9C0A8}.Release|Any CPU.ActiveCfg = Release|Any CPU
		{3098E09D-97AD-4AE6-8E74-42DBF3E9C0A8}.Release|Any CPU.Build.0 = Release|Any CPU
		{051841BE-A011-4824-ACFF-FFB81DC8FC36}.Debug|Any CPU.ActiveCfg = Debug|Any CPU
		{051841BE-A011-4824-ACFF-FFB81DC8FC36}.Debug|Any CPU.Build.0 = Debug|Any CPU
		{051841BE-A011-4824-ACFF-FFB81DC8FC36}.Release|Any CPU.ActiveCfg = Release|Any CPU
		{051841BE-A011-4824-ACFF-FFB81DC8FC36}.Release|Any CPU.Build.0 = Release|Any CPU
		{D68735A2-5F92-4C80-ABDE-DF12EFBBCDCD}.Debug|Any CPU.ActiveCfg = Debug|Any CPU
		{D68735A2-5F92-4C80-ABDE-DF12EFBBCDCD}.Debug|Any CPU.Build.0 = Debug|Any CPU
		{D68735A2-5F92-4C80-ABDE-DF12EFBBCDCD}.Release|Any CPU.ActiveCfg = Release|Any CPU
		{D68735A2-5F92-4C80-ABDE-DF12EFBBCDCD}.Release|Any CPU.Build.0 = Release|Any CPU
	EndGlobalSection
	GlobalSection(SolutionProperties) = preSolution
		HideSolutionNode = FALSE
	EndGlobalSection
	GlobalSection(ExtensibilityGlobals) = postSolution
		SolutionGuid = {3FA735B7-CD41-4463-8002-CAD258DBEB91}
	EndGlobalSection
EndGlobal
